# THIS IS AN AUTOGENERATED FILE. DO NOT EDIT THIS FILE DIRECTLY.
# yarn lockfile v1


os-homedir@^1.0.1:
  version "1.0.2"
  resolved "https://registry.yarnpkg.com/os-homedir/-/os-homedir-1.0.2.tgz#ffbc4988336e0e833de0c168c7ef152121aa7fb3"

x11@^2.2.1:
  version "2.2.1"
  resolved "https://registry.yarnpkg.com/x11/-/x11-2.2.1.tgz#b1e4953d79992e990b7b4b5b29890613474719bd"
  dependencies:
    os-homedir "^1.0.1"
