# THIS IS AN AUTOGENERATED FILE. DO NOT EDIT THIS FILE DIRECTLY.
# yarn lockfile v1


async@~0.8.0:
  version "0.8.0"
  resolved "https://registry.yarnpkg.com/async/-/async-0.8.0.tgz#ee65ec77298c2ff1456bc4418a052d0f06435112"

iconv@^2.0.7:
  version "2.3.0"
  resolved "https://registry.yarnpkg.com/iconv/-/iconv-2.3.0.tgz#9739887c2bd492d9a5e236dd3667c5358601201b"
  dependencies:
    nan "^2.3.5"

nan@^2.3.5:
  version "2.6.2"
  resolved "https://registry.yarnpkg.com/nan/-/nan-2.6.2.tgz#e4ff34e6c95fdfb5aecc08de6596f43605a7db45"

os-homedir@^1.0.1:
  version "1.0.2"
  resolved "https://registry.yarnpkg.com/os-homedir/-/os-homedir-1.0.2.tgz#ffbc4988336e0e833de0c168c7ef152121aa7fb3"

x11-prop@^0.4.3:
  version "0.4.3"
  resolved "https://registry.yarnpkg.com/x11-prop/-/x11-prop-0.4.3.tgz#5c5bac249e8c1d4269d7e6f17c42f9f3961e4237"
  dependencies:
    async "~0.8.0"
    iconv "^2.0.7"
    x11-xsettings "~0.0.1"

x11-xsettings@~0.0.1:
  version "0.0.1"
  resolved "https://registry.yarnpkg.com/x11-xsettings/-/x11-xsettings-0.0.1.tgz#4611236303f5c5060ec32a4b8625939b5e2ad330"

x11@^2.2.1:
  version "2.2.1"
  resolved "https://registry.yarnpkg.com/x11/-/x11-2.2.1.tgz#b1e4953d79992e990b7b4b5b29890613474719bd"
  dependencies:
    os-homedir "^1.0.1"
